{
  "projects": [
    {
      "projectId": "qJhJbLN2Wy56BDK1v9VeHg",
      "version": "latest",
      "dependencies": {
        "enk3K4vZ6pmH6kVCoZJXGn": "4.0.0"
      },
      "lang": "ts",
      "fileLocks": [
        {
          "type": "globalVariant",
          "assetId": "GfTNvlXE_ClRRx",
          "checksum": "6f0a80eb2127292c8915451cd54923d5"
        },
        {
          "type": "renderModule",
          "assetId": "N0SUR0mx8DpoE",
          "checksum": "cf6cbf7eaa2cb89158af9833c59e77ee"
        },
        {
          "type": "cssRules",
          "assetId": "N0SUR0mx8DpoE",
          "checksum": "cf6cbf7eaa2cb89158af9833c59e77ee"
        },
        {
          "type": "renderModule",
          "assetId": "-CnkElqEbFOKi",
          "checksum": "45d9ed9b923fcd0305e1f583df0a0d75"
        },
        {
          "type": "cssRules",
          "assetId": "-CnkElqEbFOKi",
          "checksum": "45d9ed9b923fcd0305e1f583df0a0d75"
        },
        {
          "type": "renderModule",
          "assetId": "ot9dOcHnM075j",
          "checksum": "621040d08a5714fb87370c050ff40f9d"
        },
        {
          "type": "cssRules",
          "assetId": "ot9dOcHnM075j",
          "checksum": "621040d08a5714fb87370c050ff40f9d"
        },
        {
          "type": "renderModule",
          "assetId": "b5lOT72QRjzHLq",
          "checksum": "7cc4aa739e90a0b580076b6d9133da0c"
        },
        {
          "type": "cssRules",
          "assetId": "b5lOT72QRjzHLq",
          "checksum": "7cc4aa739e90a0b580076b6d9133da0c"
        },
        {
          "type": "icon",
          "assetId": "3bzdKmMHkQ7KMN",
          "checksum": "f870d9a768f95567c33b445054c93b57"
        },
        {
          "type": "icon",
          "assetId": "Ix2-73vMDr7_RT",
          "checksum": "6019824ad060ef74fbfad9663098900b"
        },
        {
          "type": "icon",
          "assetId": "TSgwY4wyZHvI3q",
          "checksum": "25b3ea9c3f2ee32e4f0f34223c87b2c7"
        },
        {
          "type": "icon",
          "assetId": "6Gam-izRFby8Oa",
          "checksum": "2acc5bd22af66963a2d41751c9c1c7a3"
        },
        {
          "type": "icon",
          "assetId": "i4jkC5OS9x",
          "checksum": "76c699821c309957e2cb8bedf5ade89b"
        },
        {
          "type": "icon",
          "assetId": "QOmsQw0pu_",
          "checksum": "87b6a569378c5c600f7f60a557d9803b"
        },
        {
          "type": "icon",
          "assetId": "N4DIrPBUx1",
          "checksum": "7cd15f9ba8edf66ae6f1e26a683b3ddc"
        },
        {
          "type": "icon",
          "assetId": "vVZm8N2wdn",
          "checksum": "49d631341f49950df470d3e019d00a78"
        },
        {
          "type": "renderModule",
          "assetId": "vMzCpGhRHn-",
          "checksum": "7ba9e899177a185e0334eca95d077f05"
        },
        {
          "type": "cssRules",
          "assetId": "vMzCpGhRHn-",
          "checksum": "7ba9e899177a185e0334eca95d077f05"
        },
        {
          "type": "renderModule",
          "assetId": "ZOePmbDjbr",
          "checksum": "405a98aae6d3a182f5eaf4491321708a"
        },
        {
          "type": "cssRules",
          "assetId": "ZOePmbDjbr",
          "checksum": "405a98aae6d3a182f5eaf4491321708a"
        },
        {
          "type": "icon",
          "assetId": "Ep0b59wxQW",
          "checksum": "04b367a78b2ce25862326d7b8568aaab"
        },
        {
          "type": "icon",
          "assetId": "79RcPsTDZH",
          "checksum": "f662a00d172c518c2b78154e4027b510"
        },
        {
          "type": "icon",
          "assetId": "Zdgu4OgedE",
          "checksum": "9d93b7950c847641c97fb6701f0f1ee8"
        },
        {
          "type": "renderModule",
          "assetId": "k76sivAipY",
          "checksum": "2de4b4cb2d9a573bfb8a6ce66eb05e21"
        },
        {
          "type": "cssRules",
          "assetId": "k76sivAipY",
          "checksum": "2de4b4cb2d9a573bfb8a6ce66eb05e21"
        },
        {
          "type": "renderModule",
          "assetId": "0-D0ueYW08Q",
          "checksum": "0de5c942e2ec7703ead5a5b187b4e5fb"
        },
        {
          "type": "cssRules",
          "assetId": "0-D0ueYW08Q",
          "checksum": "0de5c942e2ec7703ead5a5b187b4e5fb"
        },
        {
          "type": "renderModule",
          "assetId": "Id3xfl5iXtG",
          "checksum": "bc88e83f797e9b90e6bff7ef7aa26da1"
        },
        {
          "type": "cssRules",
          "assetId": "Id3xfl5iXtG",
          "checksum": "bc88e83f797e9b90e6bff7ef7aa26da1"
        },
        {
          "type": "icon",
          "assetId": "uOq4ABuNhS",
          "checksum": "b018cffb95add1e69b82f98fee2aed71"
        },
        {
          "type": "icon",
          "assetId": "Ydk_hocEhI",
          "checksum": "7be93e87cf23232b1057e8cc0ff4a1d8"
        },
        {
          "type": "icon",
          "assetId": "IZbwU0kHup",
          "checksum": "c517f075b4d2559d5e5e02d9d17ef977"
        },
        {
          "type": "icon",
          "assetId": "5g8a3BHjPH",
          "checksum": "0eeb1ed75335b69ba1dc8ed695892d85"
        },
        {
          "type": "renderModule",
          "assetId": "9mFkiXX_bi1k",
          "checksum": "ea32370d0b2dd49ab494569597e0ba7d"
        },
        {
          "type": "cssRules",
          "assetId": "9mFkiXX_bi1k",
          "checksum": "ea32370d0b2dd49ab494569597e0ba7d"
        },
        {
          "type": "icon",
          "assetId": "ScRShSrn-QV",
          "checksum": "1c7b9cadf0b0ece96f2e7767ede7f9b7"
        },
        {
          "type": "icon",
          "assetId": "WLfb3FLJt4",
          "checksum": "27fffdfe92b7d59a76797a414c9bf519"
        },
        {
          "type": "icon",
          "assetId": "bmDQX-5_JTJ",
          "checksum": "39c5507d16bba38d58129df502f26a69"
        },
        {
          "type": "icon",
          "assetId": "bSYNOHpEb8J",
          "checksum": "f0e500d1cb491a7176eeccfc6b4cd014"
        },
        {
          "type": "icon",
          "assetId": "anABzCRXz5D",
          "checksum": "95b9dfb0d0a67cda4e5943046a97a91b"
        },
        {
          "type": "icon",
          "assetId": "voef3TbXuTy",
          "checksum": "80e0f9e289380930698a255758c61023"
        },
        {
          "type": "icon",
          "assetId": "Ju1o-WSLKb",
          "checksum": "130fc8b8e47fdde9371b94e76c34be4b"
        },
        {
          "type": "icon",
          "assetId": "vYtC9dHy2_",
          "checksum": "a3f0513872f8ac03670ad773a19158a9"
        },
        {
          "type": "icon",
          "assetId": "5PskKd6AqU",
          "checksum": "1c11bdec47b0c966e205557795556269"
        },
        {
          "type": "icon",
          "assetId": "dyYH68_fXf",
          "checksum": "bc60d9fd5265e39a609f56277fc63c4c"
        },
        {
          "type": "renderModule",
          "assetId": "eep_0G2zO_A",
          "checksum": "40bc6c2dc670ae14de6f5980d61513c9"
        },
        {
          "type": "cssRules",
          "assetId": "eep_0G2zO_A",
          "checksum": "40bc6c2dc670ae14de6f5980d61513c9"
        },
        {
          "type": "renderModule",
          "assetId": "BoQ7_6X7lS",
          "checksum": "8d723e8d5698605108e6cdba7e357da8"
        },
        {
          "type": "cssRules",
          "assetId": "BoQ7_6X7lS",
          "checksum": "8d723e8d5698605108e6cdba7e357da8"
        },
        {
          "type": "renderModule",
          "assetId": "SFQJUY_7j6t",
          "checksum": "395a8e1b516948ba48a1b8e8b21f95a4"
        },
        {
          "type": "cssRules",
          "assetId": "SFQJUY_7j6t",
          "checksum": "395a8e1b516948ba48a1b8e8b21f95a4"
        },
        {
          "type": "icon",
          "assetId": "ZXDs-JHwym",
          "checksum": "b7d862201ecd000b9997a4eebfb72bf6"
        },
        {
          "type": "icon",
          "assetId": "eJfyYq8-5Y",
          "checksum": "5233edab1f55a6f864e2e8ec93071aa7"
        },
        {
          "type": "icon",
          "assetId": "g7hnbZUVS-",
          "checksum": "46cbc9d6d0aeec832d339c3679cdcd4d"
        },
        {
          "type": "icon",
          "assetId": "I0FIJgzgSF",
          "checksum": "b877a795ad8390311ab771204a7113e7"
        },
        {
          "type": "renderModule",
          "assetId": "xSj-Ozd4Dq",
          "checksum": "f9110eab07e32e13cdf4562e39866a99"
        },
        {
          "type": "cssRules",
          "assetId": "xSj-Ozd4Dq",
          "checksum": "f9110eab07e32e13cdf4562e39866a99"
        },
        {
          "type": "icon",
          "assetId": "yoyOd9c2bb",
          "checksum": "a1b529ac5ee5a92eca14ac0237d8daab"
        },
        {
          "type": "icon",
          "assetId": "qiYpeOfka",
          "checksum": "ab309be6076b9809a828ecbfbef509b1"
        },
        {
          "type": "icon",
          "assetId": "DJUuZGdWd7",
          "checksum": "065b2592721cbc252a1afb9772193be7"
        },
        {
          "type": "icon",
          "assetId": "9zoYrnWQq8",
          "checksum": "eeb0bff352bbafde025efc79f0f251d2"
        },
        {
          "type": "renderModule",
          "assetId": "Bep5CT3W1T",
          "checksum": "85dd8e2f9eeacdfc7849ebe83e24ab9f"
        },
        {
          "type": "cssRules",
          "assetId": "Bep5CT3W1T",
          "checksum": "85dd8e2f9eeacdfc7849ebe83e24ab9f"
        },
        {
          "type": "icon",
          "assetId": "jEbZFdooP",
          "checksum": "6eaf25b2815af0e5b6b4146bed1707bd"
        },
        {
          "type": "icon",
          "assetId": "MPKmKXARKW",
          "checksum": "d8a71d3e974b252bcc1beb3c3e7a832b"
        },
        {
          "type": "icon",
          "assetId": "qL7HsO8nsJ",
          "checksum": "366ad0506371601567946350fe89ddce"
        },
        {
          "type": "icon",
          "assetId": "JSiwWwKwo6",
          "checksum": "da4bdf0673c37f36ec13043588148872"
        },
        {
          "type": "icon",
          "assetId": "i9ODyMIYQy",
          "checksum": "cb3054b36d11654e27233d5e2c1a5540"
        },
        {
          "type": "renderModule",
          "assetId": "iOaw7i5C2By",
          "checksum": "f23c00ab44c21af2d41928bf1a938280"
        },
        {
          "type": "cssRules",
          "assetId": "iOaw7i5C2By",
          "checksum": "f23c00ab44c21af2d41928bf1a938280"
        },
        {
          "type": "icon",
          "assetId": "hKJX8YlwbG9",
          "checksum": "958b7c147b4ae019fdf51c698e01c93a"
        },
        {
          "type": "icon",
          "assetId": "icZS_od47y",
          "checksum": "ea214a72eee46b69531ac32f1d4d2fde"
        },
        {
          "type": "icon",
          "assetId": "mVwYU7p2e",
          "checksum": "f7ed4df078b235d0ea3dc5fd316c62f7"
        },
        {
          "type": "icon",
          "assetId": "L0hZU5Oak",
          "checksum": "13ce70b2d7b4d470f7d7b023b861493d"
        },
        {
          "type": "renderModule",
          "assetId": "0_B7hzne-3",
          "checksum": "83784f08b1cc140dd1937ddf8179a2c1"
        },
        {
          "type": "cssRules",
          "assetId": "0_B7hzne-3",
          "checksum": "83784f08b1cc140dd1937ddf8179a2c1"
        },
        {
          "type": "renderModule",
          "assetId": "jnAfss8VOWL",
          "checksum": "775b763b232d87bbdce1fea57246f627"
        },
        {
          "type": "cssRules",
          "assetId": "jnAfss8VOWL",
          "checksum": "775b763b232d87bbdce1fea57246f627"
        },
        {
          "type": "renderModule",
          "assetId": "Tdbl435Ypr7",
          "checksum": "151c02482952342ebc32aa9e0acf84d3"
        },
        {
          "type": "cssRules",
          "assetId": "Tdbl435Ypr7",
          "checksum": "151c02482952342ebc32aa9e0acf84d3"
        },
        {
          "type": "renderModule",
          "assetId": "Mmwxop3xQ3",
          "checksum": "f6b3f5c9eef8e786269613b63b3784b3"
        },
        {
          "type": "cssRules",
          "assetId": "Mmwxop3xQ3",
          "checksum": "f6b3f5c9eef8e786269613b63b3784b3"
        },
        {
          "type": "renderModule",
          "assetId": "nl-iwxSy9T",
          "checksum": "57c0eeead1aa4a792de8e1d1287370a8"
        },
        {
          "type": "cssRules",
          "assetId": "nl-iwxSy9T",
          "checksum": "57c0eeead1aa4a792de8e1d1287370a8"
        },
        {
          "type": "renderModule",
          "assetId": "ekDTLgGFZZ",
          "checksum": "83e4829944b9fa8f48777ba54d30b1eb"
        },
        {
          "type": "cssRules",
          "assetId": "ekDTLgGFZZ",
          "checksum": "83e4829944b9fa8f48777ba54d30b1eb"
        },
        {
          "type": "renderModule",
          "assetId": "2Y7usthzRd",
          "checksum": "2f723c4c27ccd081899cf0060cf4e362"
        },
        {
          "type": "cssRules",
          "assetId": "2Y7usthzRd",
          "checksum": "2f723c4c27ccd081899cf0060cf4e362"
        },
        {
          "type": "renderModule",
          "assetId": "PZVpznDmWug",
          "checksum": "c90ec8ede6c2e92a012bddf197746ade"
        },
        {
          "type": "cssRules",
          "assetId": "PZVpznDmWug",
          "checksum": "c90ec8ede6c2e92a012bddf197746ade"
        },
        {
          "type": "icon",
          "assetId": "poRnOxEjOg",
          "checksum": "fc6033169c0aa83779fbe129f438891f"
        },
        {
          "type": "icon",
          "assetId": "koOZHLBI38",
          "checksum": "c76bc80c40e631837e7dbe26aedf27d4"
        },
        {
          "type": "icon",
          "assetId": "caReQe-4-A",
          "checksum": "5aec0db72ff70e34f02f0aa6c6580b1f"
        },
        {
          "type": "icon",
          "assetId": "HjlRLQHU2P",
          "checksum": "e5fd5a8fd089bb0ae6c7a547fbcb0750"
        },
        {
          "type": "renderModule",
          "assetId": "TnIQZSsKCQf",
          "checksum": "03e2ec27d520abe6d8a3a322984a6f3d"
        },
        {
          "type": "cssRules",
          "assetId": "TnIQZSsKCQf",
          "checksum": "03e2ec27d520abe6d8a3a322984a6f3d"
        },
        {
          "type": "icon",
          "assetId": "aDS2HTetYW",
          "checksum": "270591c76bf81546e955758a49c44185"
        },
        {
          "type": "icon",
          "assetId": "tlsIAHVBd4",
          "checksum": "c9a3ad4742405c26a7f520c851873316"
        },
        {
          "type": "renderModule",
          "assetId": "HKomFaATo44",
          "checksum": "e6b5ef1b03efd5dff67dace4a1d140ce"
        },
        {
          "type": "cssRules",
          "assetId": "HKomFaATo44",
          "checksum": "e6b5ef1b03efd5dff67dace4a1d140ce"
        },
        {
          "type": "renderModule",
          "assetId": "a4mKAt6W_J8",
          "checksum": "770f60c262a56e6fd7cff29fb162bb33"
        },
        {
          "type": "cssRules",
          "assetId": "a4mKAt6W_J8",
          "checksum": "770f60c262a56e6fd7cff29fb162bb33"
        },
        {
          "type": "icon",
          "assetId": "_k7BZLFTdk",
          "checksum": "ed6be08102831cd58427a545c06cb8b2"
        },
        {
          "type": "icon",
          "assetId": "GhQWX782d-",
          "checksum": "2ec24bb0e61dcc6d414595e379712f4b"
        },
        {
          "type": "icon",
          "assetId": "sgrNYklYx8",
          "checksum": "64038a80c815f18c1ef6fb29509f6687"
        },
        {
          "type": "icon",
          "assetId": "mNwnqx0Y83",
          "checksum": "ce85424c1c70d749d08c30e6a9134764"
        },
        {
          "type": "renderModule",
          "assetId": "MCZw6vVbPKy",
          "checksum": "d4f8c493f9ccc962138ed0683bbf9520"
        },
        {
          "type": "cssRules",
          "assetId": "MCZw6vVbPKy",
          "checksum": "d4f8c493f9ccc962138ed0683bbf9520"
        },
        {
          "type": "renderModule",
          "assetId": "W52igaDMzA10w6",
          "checksum": "6c254d4daccb544ab5a41895a67ebe89"
        },
        {
          "type": "cssRules",
          "assetId": "W52igaDMzA10w6",
          "checksum": "6c254d4daccb544ab5a41895a67ebe89"
        },
        {
          "type": "renderModule",
          "assetId": "o2mPff6adwf",
          "checksum": "1d57dda610ecc24c14859ec11d655244"
        },
        {
          "type": "cssRules",
          "assetId": "o2mPff6adwf",
          "checksum": "1d57dda610ecc24c14859ec11d655244"
        },
        {
          "type": "renderModule",
          "assetId": "On39uzxhyDJ",
          "checksum": "8a8e30f66464f0babae8d18308572def"
        },
        {
          "type": "cssRules",
          "assetId": "On39uzxhyDJ",
          "checksum": "8a8e30f66464f0babae8d18308572def"
        },
        {
          "type": "icon",
          "assetId": "UhuH78E4uB",
          "checksum": "7c580282d61c135a590ad993444ed545"
        },
        {
          "type": "icon",
          "assetId": "_4smdNWrLp",
          "checksum": "8ca84e6e2c87a8016c31d9550f8a67f4"
        },
        {
          "type": "renderModule",
          "assetId": "kMaRrdSS2k",
          "checksum": "5966ccecb5fe6071d136a509ea0b9b3c"
        },
        {
          "type": "cssRules",
          "assetId": "kMaRrdSS2k",
          "checksum": "5966ccecb5fe6071d136a509ea0b9b3c"
        },
        {
          "type": "renderModule",
          "assetId": "kHevwnszsti",
          "checksum": "c4e50ef4b32c96a8f3a2b1ee3ce5d7db"
        },
        {
          "type": "cssRules",
          "assetId": "kHevwnszsti",
          "checksum": "c4e50ef4b32c96a8f3a2b1ee3ce5d7db"
        },
        {
          "type": "renderModule",
          "assetId": "doJ6n4bAQ7",
          "checksum": "c3281c68274cc7f909f2cbdfaecc817a"
        },
        {
          "type": "cssRules",
          "assetId": "doJ6n4bAQ7",
          "checksum": "c3281c68274cc7f909f2cbdfaecc817a"
        },
        {
          "type": "icon",
          "assetId": "5c0K4yOPLh",
          "checksum": "2add0fbdf58cc076e428825ed7f40d66"
        },
        {
          "type": "icon",
          "assetId": "l3Gahc39dO",
          "checksum": "04404ad4cc908657d23b0c3b641bbeb4"
        },
        {
          "type": "renderModule",
          "assetId": "tRL-RTbGUy_",
          "checksum": "350ffbd9fdec43390ed224ef7c62838d"
        },
        {
          "type": "cssRules",
          "assetId": "tRL-RTbGUy_",
          "checksum": "350ffbd9fdec43390ed224ef7c62838d"
        },
        {
          "type": "icon",
          "assetId": "lGLi04U67",
          "checksum": "25c03fd59b028238e830c29a3b6c44ce"
        },
        {
          "type": "icon",
          "assetId": "xDCAXwTMp",
          "checksum": "309b690aa4112c7a90e10bcfbee55d51"
        },
        {
          "type": "icon",
          "assetId": "A1beaoZm_",
          "checksum": "aca69c894d403ee0785ed38b91a7b3e3"
        },
        {
          "type": "icon",
          "assetId": "O0XiBfLP-",
          "checksum": "7623df18535ff045e7e614790f705fa5"
        },
        {
          "type": "icon",
          "assetId": "SKQ-aREBa",
          "checksum": "ca0bfa4ebe8974550514d637482661e1"
        },
        {
          "type": "icon",
          "assetId": "QH5uZKsKb",
          "checksum": "5d348a6af391f0d0dd96dce1ac9af323"
        },
        {
          "type": "icon",
          "assetId": "r1Ex0PcMm",
          "checksum": "9192f05e49ed2121befa44b92599ff28"
        },
        {
          "type": "icon",
          "assetId": "Hj5fyhXhE",
          "checksum": "0ed3ccde9dede03984040e4a5cadd594"
        },
        {
          "type": "renderModule",
          "assetId": "CFLpNLrOTXl",
          "checksum": "ac8ea01110803d813c4fb69d91e45f83"
        },
        {
          "type": "cssRules",
          "assetId": "CFLpNLrOTXl",
          "checksum": "ac8ea01110803d813c4fb69d91e45f83"
        },
        {
          "type": "renderModule",
          "assetId": "hvwW6mZKEkS",
          "checksum": "97d00df903b8c5cbf441c82e3b4ac38a"
        },
        {
          "type": "cssRules",
          "assetId": "hvwW6mZKEkS",
          "checksum": "97d00df903b8c5cbf441c82e3b4ac38a"
        },
        {
          "type": "renderModule",
          "assetId": "6fZtrnBBAHf",
          "checksum": "a8389d671d31c9db72b05659229a0f64"
        },
        {
          "type": "cssRules",
          "assetId": "6fZtrnBBAHf",
          "checksum": "a8389d671d31c9db72b05659229a0f64"
        },
        {
          "type": "renderModule",
          "assetId": "Lxd6z2tGUzP",
          "checksum": "62e74e823714864f7ecca894d455803f"
        },
        {
          "type": "cssRules",
          "assetId": "Lxd6z2tGUzP",
          "checksum": "62e74e823714864f7ecca894d455803f"
        },
        {
          "type": "renderModule",
          "assetId": "XjZkPKXlmtd",
          "checksum": "7d09d5de8569453f9aa932f04441b322"
        },
        {
          "type": "cssRules",
          "assetId": "XjZkPKXlmtd",
          "checksum": "7d09d5de8569453f9aa932f04441b322"
        },
        {
          "type": "renderModule",
          "assetId": "yiML9DV_aW",
          "checksum": "960b6e459f2288e6e7959cb1dcb68ec8"
        },
        {
          "type": "cssRules",
          "assetId": "yiML9DV_aW",
          "checksum": "960b6e459f2288e6e7959cb1dcb68ec8"
        },
        {
          "type": "renderModule",
          "assetId": "I-tcTRhKpZ",
          "checksum": "2c8586bf5baaee6973bd55ad2b7a8ae7"
        },
        {
          "type": "cssRules",
          "assetId": "I-tcTRhKpZ",
          "checksum": "2c8586bf5baaee6973bd55ad2b7a8ae7"
        },
        {
          "type": "renderModule",
          "assetId": "N8qcIo-HKDa",
          "checksum": "7c3877f334c79b8cd17472b75b13db36"
        },
        {
          "type": "cssRules",
          "assetId": "N8qcIo-HKDa",
          "checksum": "7c3877f334c79b8cd17472b75b13db36"
        },
        {
          "type": "icon",
          "assetId": "9t32WTzkF9",
          "checksum": "c4bede753bcc44794dcf1965c4c02dd3"
        },
        {
          "type": "icon",
          "assetId": "O2i6sHoukJ",
          "checksum": "7fc34ef951557c8f43d99c25b130307e"
        },
        {
          "type": "icon",
          "assetId": "1IB8E1pJEv",
          "checksum": "d49520b1599af8113f0511c1b8db4cde"
        },
        {
          "type": "icon",
          "assetId": "S3dbXXT2_d",
          "checksum": "991bf1471194313edd9991df2ad27373"
        },
        {
          "type": "renderModule",
          "assetId": "g_CaIFNNnX",
          "checksum": "491d58f4a3ecb58ef05bd343fff8637b"
        },
        {
          "type": "cssRules",
          "assetId": "g_CaIFNNnX",
          "checksum": "491d58f4a3ecb58ef05bd343fff8637b"
        },
        {
          "type": "globalVariant",
          "assetId": "qZupMSJcR-",
          "checksum": "7529ba3f3884016b6b1b81338f6a8773"
        },
        {
          "type": "renderModule",
          "assetId": "br33Q-v40l8",
          "checksum": "e504294bacc4778f2c4df047161aede3"
        },
        {
          "type": "cssRules",
          "assetId": "br33Q-v40l8",
          "checksum": "e504294bacc4778f2c4df047161aede3"
        },
        {
          "type": "renderModule",
          "assetId": "KTHBG3e6yhx",
          "checksum": "0029cc4f1b9619f37efd07183c14669e"
        },
        {
          "type": "cssRules",
          "assetId": "KTHBG3e6yhx",
          "checksum": "0029cc4f1b9619f37efd07183c14669e"
        },
        {
          "type": "icon",
          "assetId": "F6z3Cm69cJ",
          "checksum": "f05e6dee67a6d601c96db8202e81f91a"
        },
        {
          "type": "icon",
          "assetId": "prRNT45HDp",
          "checksum": "baec5c7a1fc403b91d41b868f76c528a"
        },
        {
          "type": "renderModule",
          "assetId": "8vgCLJCzW_",
          "checksum": "9a8c25c985173c0c67edaef3f48fd991"
        },
        {
          "type": "cssRules",
          "assetId": "8vgCLJCzW_",
          "checksum": "9a8c25c985173c0c67edaef3f48fd991"
        },
        {
          "type": "renderModule",
          "assetId": "uwKxhY1CKJL",
          "checksum": "511b5dd5993a46fb721005a0ba52c5e2"
        },
        {
          "type": "cssRules",
          "assetId": "uwKxhY1CKJL",
          "checksum": "511b5dd5993a46fb721005a0ba52c5e2"
        },
        {
          "type": "renderModule",
          "assetId": "R8_ND72D7VJ",
          "checksum": "82f4f57b7a723f0c89f6a5735e75dc81"
        },
        {
          "type": "cssRules",
          "assetId": "R8_ND72D7VJ",
          "checksum": "82f4f57b7a723f0c89f6a5735e75dc81"
        },
        {
          "type": "renderModule",
          "assetId": "OL1JBMUHpk",
          "checksum": "078b6ca11f084cfdf2f20963615ad20f"
        },
        {
          "type": "cssRules",
          "assetId": "OL1JBMUHpk",
          "checksum": "078b6ca11f084cfdf2f20963615ad20f"
        },
        {
          "type": "renderModule",
          "assetId": "l1jB988kix",
          "checksum": "ee990aa0f20b0176ceed5394033ed470"
        },
        {
          "type": "cssRules",
          "assetId": "l1jB988kix",
          "checksum": "ee990aa0f20b0176ceed5394033ed470"
        },
        {
          "type": "icon",
          "assetId": "dv5qwh0zgn",
          "checksum": "9795caa428cc7ec9234f20b59ac6a97d"
        },
        {
          "type": "icon",
          "assetId": "GuZ6N-YlNb",
          "checksum": "0c4cc2d0147e4e8eee4741e8bb12017d"
        },
        {
          "type": "icon",
          "assetId": "yvflDMTNHL",
          "checksum": "d983b8087acd3fddc735470ddda0fc9e"
        },
        {
          "type": "icon",
          "assetId": "oFCX5LlHWX",
          "checksum": "d00503f3368c6a1021c93ff2f8edc8e3"
        },
        {
          "type": "icon",
          "assetId": "8yYr7h4gxi",
          "checksum": "07d860500b8eb6a40d957093beba7e44"
        },
        {
          "type": "icon",
          "assetId": "Ajm2M2YGM",
          "checksum": "d5a3155e73b905def4af1c3de143a40e"
        },
        {
          "type": "icon",
          "assetId": "kUWZZJ-3A8",
          "checksum": "a6f809ef201e35dfb848daf5725d6ceb"
        },
        {
          "type": "renderModule",
          "assetId": "Tp8pI-iqIC",
          "checksum": "ee55b605760f72e126f1880e47fc3373"
        },
        {
          "type": "cssRules",
          "assetId": "Tp8pI-iqIC",
          "checksum": "ee55b605760f72e126f1880e47fc3373"
        },
        {
          "type": "icon",
          "assetId": "wVTm15CXg5",
          "checksum": "08ccc6dc3189bbf495cfd02f28e1e8d2"
        },
        {
          "type": "icon",
          "assetId": "jvAtkXqoI8",
          "checksum": "84cbe046e7ad817c4c730050c28aacbc"
        },
        {
          "type": "icon",
          "assetId": "OaGeu5iaVJ",
          "checksum": "8878e6b0276d8d2b0d9c2c4e7f3dbfb9"
        },
        {
          "type": "icon",
          "assetId": "ppJGUFvcu",
          "checksum": "a593161d3fa68fa94ab64f77c53c84ff"
        },
        {
          "type": "icon",
          "assetId": "hRNsWe6t11",
          "checksum": "3456e8bfed2c89375b7266244e16f75f"
        },
        {
          "type": "renderModule",
          "assetId": "BC1CTkZPHTn",
          "checksum": "fa4f641ebea4b7619f1ca72f10926173"
        },
        {
          "type": "cssRules",
          "assetId": "BC1CTkZPHTn",
          "checksum": "fa4f641ebea4b7619f1ca72f10926173"
        },
        {
          "assetId": "qJhJbLN2Wy56BDK1v9VeHg",
          "type": "projectCss",
          "checksum": "ff4f87e02d1d69efb0e82432c0562501"
        }
      ],
      "codegenVersion": "0.0.1"
    },
    {
      "projectId": "enk3K4vZ6pmH6kVCoZJXGn",
      "version": "4.0.0",
      "dependencies": {},
      "lang": "ts",
      "fileLocks": [
        {
          "assetId": "enk3K4vZ6pmH6kVCoZJXGn",
          "type": "projectCss",
          "checksum": "91f5a3fc72d6d8043e2591147ae6a0fc"
        }
      ],
      "codegenVersion": "0.0.1"
    }
  ],
  "cliVersion": "0.1.174"
}
