{
  "projects": [
    {
      "projectId": "upY9cnzMG3kZgeoF6ecCnw",
      "version": "latest",
      "dependencies": {},
      "lang": "ts",
      "fileLocks": [
        {
          "type": "globalVariant",
          "assetId": "2SAFZfzx0FlS7",
          "checksum": "4e6efe8bcaca23cad552655342b62870"
        },
        {
          "type": "renderModule",
          "assetId": "FeLVJRc1F-3W",
          "checksum": "89891b141703d9b9e54bae679913a531"
        },
        {
          "type": "cssRules",
          "assetId": "FeLVJRc1F-3W",
          "checksum": "89891b141703d9b9e54bae679913a531"
        },
        {
          "type": "renderModule",
          "assetId": "Yg7kNNCv4J",
          "checksum": "b725a2fd923b41a36084bfc8f476b4f5"
        },
        {
          "type": "cssRules",
          "assetId": "Yg7kNNCv4J",
          "checksum": "b725a2fd923b41a36084bfc8f476b4f5"
        },
        {
          "type": "renderModule",
          "assetId": "qeFx_PTBQl",
          "checksum": "59452cbe6b063592e5d67ba6d6333342"
        },
        {
          "type": "cssRules",
          "assetId": "qeFx_PTBQl",
          "checksum": "59452cbe6b063592e5d67ba6d6333342"
        },
        {
          "type": "renderModule",
          "assetId": "h8MoqDT-hB",
          "checksum": "388c5274817f55851f7e227efdfb72e2"
        },
        {
          "type": "cssRules",
          "assetId": "h8MoqDT-hB",
          "checksum": "388c5274817f55851f7e227efdfb72e2"
        },
        {
          "type": "renderModule",
          "assetId": "jmkS1wpwGB",
          "checksum": "aebf4d9af06cf40c61bb1876225ba54b"
        },
        {
          "type": "cssRules",
          "assetId": "jmkS1wpwGB",
          "checksum": "aebf4d9af06cf40c61bb1876225ba54b"
        },
        {
          "type": "renderModule",
          "assetId": "RbDn_sSJWk",
          "checksum": "fc44189dd5117cf06d6734b0605bdca5"
        },
        {
          "type": "cssRules",
          "assetId": "RbDn_sSJWk",
          "checksum": "fc44189dd5117cf06d6734b0605bdca5"
        },
        {
          "type": "renderModule",
          "assetId": "5TaUa4ZGqx",
          "checksum": "5adc271c28e46ad296cbc126cb907a6a"
        },
        {
          "type": "cssRules",
          "assetId": "5TaUa4ZGqx",
          "checksum": "5adc271c28e46ad296cbc126cb907a6a"
        },
        {
          "type": "renderModule",
          "assetId": "EamO-yxXIE",
          "checksum": "8fcce9847d51d78d10d3c6e9fcf7b8c6"
        },
        {
          "type": "cssRules",
          "assetId": "EamO-yxXIE",
          "checksum": "8fcce9847d51d78d10d3c6e9fcf7b8c6"
        },
        {
          "type": "renderModule",
          "assetId": "GfUnvF4AzI",
          "checksum": "374be56a4fe47dc3348ddb6eed65846e"
        },
        {
          "type": "cssRules",
          "assetId": "GfUnvF4AzI",
          "checksum": "374be56a4fe47dc3348ddb6eed65846e"
        },
        {
          "type": "renderModule",
          "assetId": "DFQoPrJpHp",
          "checksum": "168c635099d5f0949148101443a4682b"
        },
        {
          "type": "cssRules",
          "assetId": "DFQoPrJpHp",
          "checksum": "168c635099d5f0949148101443a4682b"
        },
        {
          "type": "renderModule",
          "assetId": "BYBixYzlfI",
          "checksum": "750ad1197af4b5938fcaf8b5c0d51d09"
        },
        {
          "type": "cssRules",
          "assetId": "BYBixYzlfI",
          "checksum": "750ad1197af4b5938fcaf8b5c0d51d09"
        },
        {
          "type": "renderModule",
          "assetId": "rfB9MfvQL9",
          "checksum": "783be9bb7a6b023c7f3e67076772daf6"
        },
        {
          "type": "cssRules",
          "assetId": "rfB9MfvQL9",
          "checksum": "783be9bb7a6b023c7f3e67076772daf6"
        },
        {
          "type": "renderModule",
          "assetId": "vDEeMdDYau",
          "checksum": "beda84c9b1176549936c829e059f3224"
        },
        {
          "type": "cssRules",
          "assetId": "vDEeMdDYau",
          "checksum": "beda84c9b1176549936c829e059f3224"
        },
        {
          "type": "renderModule",
          "assetId": "JpAsUvUFqp",
          "checksum": "f91303deae64fe991deeedbb29ca9ae8"
        },
        {
          "type": "cssRules",
          "assetId": "JpAsUvUFqp",
          "checksum": "f91303deae64fe991deeedbb29ca9ae8"
        },
        {
          "type": "renderModule",
          "assetId": "j3ZEEkH_dZ",
          "checksum": "3480e3966aaaf5f6f3e09ae3b0914305"
        },
        {
          "type": "cssRules",
          "assetId": "j3ZEEkH_dZ",
          "checksum": "3480e3966aaaf5f6f3e09ae3b0914305"
        },
        {
          "type": "renderModule",
          "assetId": "E8-Ct61FHc",
          "checksum": "e09f93b29f0c8041b643d7925f722e76"
        },
        {
          "type": "cssRules",
          "assetId": "E8-Ct61FHc",
          "checksum": "e09f93b29f0c8041b643d7925f722e76"
        },
        {
          "type": "renderModule",
          "assetId": "y2UxC8Idw2",
          "checksum": "aac711ae8e50ea74cb827396cb752228"
        },
        {
          "type": "cssRules",
          "assetId": "y2UxC8Idw2",
          "checksum": "aac711ae8e50ea74cb827396cb752228"
        },
        {
          "type": "renderModule",
          "assetId": "6KsDjXRa5s",
          "checksum": "0d668fada18e85b21ce49b4bb2fca3b5"
        },
        {
          "type": "cssRules",
          "assetId": "6KsDjXRa5s",
          "checksum": "0d668fada18e85b21ce49b4bb2fca3b5"
        },
        {
          "type": "renderModule",
          "assetId": "uha3gDiVh90",
          "checksum": "028f1ccb2ab4c24b6f64f3d586d998e2"
        },
        {
          "type": "cssRules",
          "assetId": "uha3gDiVh90",
          "checksum": "028f1ccb2ab4c24b6f64f3d586d998e2"
        },
        {
          "type": "renderModule",
          "assetId": "qV3YORg9y_",
          "checksum": "ec41a2b80f16e88e065ebf586b48dfb0"
        },
        {
          "type": "cssRules",
          "assetId": "qV3YORg9y_",
          "checksum": "ec41a2b80f16e88e065ebf586b48dfb0"
        },
        {
          "type": "renderModule",
          "assetId": "CVyrqsg7IH",
          "checksum": "ad6a9c47334aead15414a24292e88a04"
        },
        {
          "type": "cssRules",
          "assetId": "CVyrqsg7IH",
          "checksum": "ad6a9c47334aead15414a24292e88a04"
        },
        {
          "type": "renderModule",
          "assetId": "hCWJLkCV8Q",
          "checksum": "1f808cc191c0c50b54861802c919bd4b"
        },
        {
          "type": "cssRules",
          "assetId": "hCWJLkCV8Q",
          "checksum": "1f808cc191c0c50b54861802c919bd4b"
        },
        {
          "type": "renderModule",
          "assetId": "dm1mZrQM9M",
          "checksum": "7fe28ed478aa7a2bc58fa712aef950b3"
        },
        {
          "type": "cssRules",
          "assetId": "dm1mZrQM9M",
          "checksum": "7fe28ed478aa7a2bc58fa712aef950b3"
        },
        {
          "type": "renderModule",
          "assetId": "x9QoXVx29j",
          "checksum": "6b66ca6c1be7787dcbc2c5da13910c8a"
        },
        {
          "type": "cssRules",
          "assetId": "x9QoXVx29j",
          "checksum": "6b66ca6c1be7787dcbc2c5da13910c8a"
        },
        {
          "type": "renderModule",
          "assetId": "tsRi3ugy1sA",
          "checksum": "d50f1a163766fc977284e383cd06adb7"
        },
        {
          "type": "cssRules",
          "assetId": "tsRi3ugy1sA",
          "checksum": "d50f1a163766fc977284e383cd06adb7"
        },
        {
          "type": "renderModule",
          "assetId": "53Ko38uc5Yv",
          "checksum": "2db7da872f3f48f9cbade8dce10099d4"
        },
        {
          "type": "cssRules",
          "assetId": "53Ko38uc5Yv",
          "checksum": "2db7da872f3f48f9cbade8dce10099d4"
        },
        {
          "type": "renderModule",
          "assetId": "WHnW_6v_RG",
          "checksum": "ec7147abca4f6f31fb9bde6aef302930"
        },
        {
          "type": "cssRules",
          "assetId": "WHnW_6v_RG",
          "checksum": "ec7147abca4f6f31fb9bde6aef302930"
        },
        {
          "type": "renderModule",
          "assetId": "qxyxLFpvV2",
          "checksum": "eff6644665e23749d681b7262a719050"
        },
        {
          "type": "cssRules",
          "assetId": "qxyxLFpvV2",
          "checksum": "eff6644665e23749d681b7262a719050"
        },
        {
          "type": "renderModule",
          "assetId": "sij89BGYq6",
          "checksum": "d3c6c86fe5e3309a790e4b7f979e18fa"
        },
        {
          "type": "cssRules",
          "assetId": "sij89BGYq6",
          "checksum": "d3c6c86fe5e3309a790e4b7f979e18fa"
        },
        {
          "type": "renderModule",
          "assetId": "-ZrfL2sWaPT",
          "checksum": "c7c414e4cc8a99b6ced2f5661a62a0de"
        },
        {
          "type": "cssRules",
          "assetId": "-ZrfL2sWaPT",
          "checksum": "c7c414e4cc8a99b6ced2f5661a62a0de"
        },
        {
          "type": "renderModule",
          "assetId": "tbl8jcztgh",
          "checksum": "70f9acdebba86af202c957252b53d2e1"
        },
        {
          "type": "cssRules",
          "assetId": "tbl8jcztgh",
          "checksum": "70f9acdebba86af202c957252b53d2e1"
        },
        {
          "type": "renderModule",
          "assetId": "Lum35iGoPU",
          "checksum": "29790227d80d01052356398ba2e2dec3"
        },
        {
          "type": "cssRules",
          "assetId": "Lum35iGoPU",
          "checksum": "29790227d80d01052356398ba2e2dec3"
        },
        {
          "type": "renderModule",
          "assetId": "Ru-AfF8KEe4",
          "checksum": "f90969de7c9cfda942a27b81e5dd2927"
        },
        {
          "type": "cssRules",
          "assetId": "Ru-AfF8KEe4",
          "checksum": "f90969de7c9cfda942a27b81e5dd2927"
        },
        {
          "type": "renderModule",
          "assetId": "LdyX8IaXajR",
          "checksum": "588464c906e3f7577c5a12c73607fc16"
        },
        {
          "type": "cssRules",
          "assetId": "LdyX8IaXajR",
          "checksum": "588464c906e3f7577c5a12c73607fc16"
        },
        {
          "type": "renderModule",
          "assetId": "tBVNvYmRPnH",
          "checksum": "ed5249ac59496709a130097746bcbd78"
        },
        {
          "type": "cssRules",
          "assetId": "tBVNvYmRPnH",
          "checksum": "ed5249ac59496709a130097746bcbd78"
        },
        {
          "type": "renderModule",
          "assetId": "F-xRm26zTCA",
          "checksum": "1f4aee6330de87b7a3676f105b26edef"
        },
        {
          "type": "cssRules",
          "assetId": "F-xRm26zTCA",
          "checksum": "1f4aee6330de87b7a3676f105b26edef"
        },
        {
          "type": "renderModule",
          "assetId": "DqqFqbcMQFE",
          "checksum": "02270f75fb39e690a62e78271ef2fbc8"
        },
        {
          "type": "cssRules",
          "assetId": "DqqFqbcMQFE",
          "checksum": "02270f75fb39e690a62e78271ef2fbc8"
        },
        {
          "type": "renderModule",
          "assetId": "K1iRWhhAuW",
          "checksum": "11979cc25052bef65a163d146335c29d"
        },
        {
          "type": "cssRules",
          "assetId": "K1iRWhhAuW",
          "checksum": "11979cc25052bef65a163d146335c29d"
        },
        {
          "type": "renderModule",
          "assetId": "lJW-9hB9Eh",
          "checksum": "c2c025a4705f32f0eef16e683e943cf9"
        },
        {
          "type": "cssRules",
          "assetId": "lJW-9hB9Eh",
          "checksum": "c2c025a4705f32f0eef16e683e943cf9"
        },
        {
          "type": "renderModule",
          "assetId": "DGYc-zpwpl",
          "checksum": "a6beb1ca71a569e559e4d6d68ea684d0"
        },
        {
          "type": "cssRules",
          "assetId": "DGYc-zpwpl",
          "checksum": "a6beb1ca71a569e559e4d6d68ea684d0"
        },
        {
          "type": "renderModule",
          "assetId": "bX4NHpd_b5",
          "checksum": "1dc36378063b65aad19e765e2821c8c9"
        },
        {
          "type": "cssRules",
          "assetId": "bX4NHpd_b5",
          "checksum": "1dc36378063b65aad19e765e2821c8c9"
        },
        {
          "type": "renderModule",
          "assetId": "A_6EkRxcWe",
          "checksum": "c537860f773cba1a4eca8e09050efe00"
        },
        {
          "type": "cssRules",
          "assetId": "A_6EkRxcWe",
          "checksum": "c537860f773cba1a4eca8e09050efe00"
        },
        {
          "type": "renderModule",
          "assetId": "7UcG5nMlKQ",
          "checksum": "53be7527b7099bf98d9aef8804a97b33"
        },
        {
          "type": "cssRules",
          "assetId": "7UcG5nMlKQ",
          "checksum": "53be7527b7099bf98d9aef8804a97b33"
        },
        {
          "type": "renderModule",
          "assetId": "HyiTRqmvoZE",
          "checksum": "6ebcdea8dd020cc20d1e93b582f1d9e7"
        },
        {
          "type": "cssRules",
          "assetId": "HyiTRqmvoZE",
          "checksum": "6ebcdea8dd020cc20d1e93b582f1d9e7"
        },
        {
          "type": "renderModule",
          "assetId": "HBOX81-Hta",
          "checksum": "27ae283e3bfe592215061fd8d7d3fe9c"
        },
        {
          "type": "cssRules",
          "assetId": "HBOX81-Hta",
          "checksum": "27ae283e3bfe592215061fd8d7d3fe9c"
        },
        {
          "type": "renderModule",
          "assetId": "8tCW5QTh9b",
          "checksum": "ebf4f8e3a40f8ccff80174e68b05d82e"
        },
        {
          "type": "cssRules",
          "assetId": "8tCW5QTh9b",
          "checksum": "ebf4f8e3a40f8ccff80174e68b05d82e"
        },
        {
          "type": "renderModule",
          "assetId": "2KND4fQ9gJG",
          "checksum": "b720d74ebd1cdb75e349259f8f808a64"
        },
        {
          "type": "cssRules",
          "assetId": "2KND4fQ9gJG",
          "checksum": "b720d74ebd1cdb75e349259f8f808a64"
        },
        {
          "type": "renderModule",
          "assetId": "1_Xh0oNpuTO",
          "checksum": "73b431717cba76034ef13e7804580f71"
        },
        {
          "type": "cssRules",
          "assetId": "1_Xh0oNpuTO",
          "checksum": "73b431717cba76034ef13e7804580f71"
        },
        {
          "type": "renderModule",
          "assetId": "3rBZAlPpd0_",
          "checksum": "e1e0b28d880c5701f15ac232348b3a68"
        },
        {
          "type": "cssRules",
          "assetId": "3rBZAlPpd0_",
          "checksum": "e1e0b28d880c5701f15ac232348b3a68"
        },
        {
          "type": "renderModule",
          "assetId": "QAPkHyCKz4X",
          "checksum": "c7bd0f35142b5f7e721a57954c20418b"
        },
        {
          "type": "cssRules",
          "assetId": "QAPkHyCKz4X",
          "checksum": "c7bd0f35142b5f7e721a57954c20418b"
        },
        {
          "type": "icon",
          "assetId": "-tR5IZbpvG",
          "checksum": "fdc80820a018a0b1ff4040dc00d9b0d6"
        },
        {
          "type": "icon",
          "assetId": "fInQqMp9hT",
          "checksum": "be77e726ac1aecc257508686a179f04d"
        },
        {
          "type": "icon",
          "assetId": "XprJXoBQrR",
          "checksum": "b73e138230ad07d01e6c0a76145cdbe9"
        },
        {
          "type": "icon",
          "assetId": "p9zahmGXqG",
          "checksum": "1ee40e5768c11630a657f31b37dac7c7"
        },
        {
          "type": "icon",
          "assetId": "QEd3JqEQsH",
          "checksum": "4be457be2195164f26b6442a69c9aae7"
        },
        {
          "type": "icon",
          "assetId": "-jI-6qkHdz",
          "checksum": "0f315a4af8aae622242f40fa0d3a9b00"
        },
        {
          "type": "icon",
          "assetId": "8NeJeF-0zR",
          "checksum": "c564209008c45dc4d73fe313a19f4b88"
        },
        {
          "type": "icon",
          "assetId": "ARJP3RN6zd",
          "checksum": "b3365d8e6cc3b3b5df394acfa98a0aa0"
        },
        {
          "type": "icon",
          "assetId": "cqbflek6lV",
          "checksum": "3f896ef8ea7dcc5bdb90dd7916711116"
        },
        {
          "type": "icon",
          "assetId": "MldOK_VUx9",
          "checksum": "7d7154772ae8de13c8e6e283d893f1e3"
        },
        {
          "type": "icon",
          "assetId": "yEj3LBuCFj",
          "checksum": "256ade825ce1d1f25756f7ab542b7c02"
        },
        {
          "type": "icon",
          "assetId": "Gbkvuahq9N",
          "checksum": "831d63271fbb67350bacfaf724850203"
        },
        {
          "type": "icon",
          "assetId": "1KVijtEtSK",
          "checksum": "2a3317ec6ff83d5618912e72b8ca3ba2"
        },
        {
          "type": "icon",
          "assetId": "e2hxgpzMOc",
          "checksum": "3eb2e9a3d975efb7c2464f70c6f5d2d0"
        },
        {
          "type": "icon",
          "assetId": "Xn_96iI8om",
          "checksum": "9b94c1c6fcff53e4ba4b75a0764f92c7"
        },
        {
          "type": "icon",
          "assetId": "m0MmFEQ7ZK",
          "checksum": "6d365c68b119c87a9edda13a5e504b13"
        },
        {
          "type": "icon",
          "assetId": "ui0ASakl2C",
          "checksum": "e7b927b776f029e8fda32c976fd3d793"
        },
        {
          "type": "icon",
          "assetId": "Yoz-cP7LNi",
          "checksum": "188b41d66bad5591ff6327151b314ce2"
        },
        {
          "type": "icon",
          "assetId": "ffvmWixkav",
          "checksum": "2ff9780cf410840f7d0e9701771ad0cf"
        },
        {
          "type": "icon",
          "assetId": "0ENa8p8d48",
          "checksum": "fd1fb731340231acd7144e190caa41b4"
        },
        {
          "type": "icon",
          "assetId": "gaJFJTEHvC",
          "checksum": "271cccfb3443f9d36581cb0d10e61f48"
        },
        {
          "type": "icon",
          "assetId": "FtLR6DeDNRM",
          "checksum": "183a13291eb6b87e031d1c08a9f229ac"
        },
        {
          "type": "icon",
          "assetId": "5DDyJJlunNJ",
          "checksum": "adb92aa3e2a72c87b8df7da5c07badef"
        },
        {
          "type": "icon",
          "assetId": "16YSd-27FIc",
          "checksum": "9a00d6a8f351c508d0a52b8ae50a9074"
        },
        {
          "type": "icon",
          "assetId": "4ESo-IE8M",
          "checksum": "4bd63df3b9c4bf61eef2191a394cd443"
        },
        {
          "type": "icon",
          "assetId": "vISDS7Iy9s",
          "checksum": "94aa5bef1b2d12b2e4b887ee304fa0dd"
        },
        {
          "type": "icon",
          "assetId": "tjzk_J4QSn",
          "checksum": "097a87d8b898fe5ca47831427646b0b5"
        },
        {
          "type": "icon",
          "assetId": "rIRnXo2lup",
          "checksum": "6fdfba384d7ee067fd373a764b835a8a"
        },
        {
          "type": "icon",
          "assetId": "143fttbM8D",
          "checksum": "523c8b6f5d4cd95e0d9f8627dec4ec0b"
        },
        {
          "type": "icon",
          "assetId": "vTABdRbjDJ",
          "checksum": "4295653d1c4541ff5fd363f17c142b9c"
        },
        {
          "type": "icon",
          "assetId": "bfkL3YcOhL",
          "checksum": "9ec798c796f88e7f1a2f23cc9ecf4e0c"
        },
        {
          "type": "icon",
          "assetId": "AXSA7_8EbR",
          "checksum": "aea786911dcead75d63233640f64fc68"
        },
        {
          "type": "icon",
          "assetId": "urvAxVyA05",
          "checksum": "dbdba5efcc279478f235e67c5362a66b"
        },
        {
          "type": "icon",
          "assetId": "aq08-63-_g",
          "checksum": "fe2a27a511d627d30f4826753dd74837"
        },
        {
          "type": "icon",
          "assetId": "f8kb5YmyLe",
          "checksum": "5d4e32252051848941ae5ca0fa278190"
        },
        {
          "type": "icon",
          "assetId": "Mdcx1kgjH_",
          "checksum": "f85595aa82eace71dd1bbd432224bbd1"
        },
        {
          "type": "icon",
          "assetId": "Q5bJVo4vSq",
          "checksum": "1d001d5aca733a54a88d321a263312b3"
        },
        {
          "type": "icon",
          "assetId": "fUPwuPN7bH",
          "checksum": "b3cae45918c84983e5ceee01fd360714"
        },
        {
          "type": "icon",
          "assetId": "-Kyqm1yXpr_",
          "checksum": "4f417ec4063a0d72c7b4310621a7f843"
        },
        {
          "type": "icon",
          "assetId": "-bUtD9hB_g5",
          "checksum": "89cbff320228667baee36bbd8b35295b"
        },
        {
          "type": "icon",
          "assetId": "aAvdv_57k",
          "checksum": "9404c58781a252b63955c655d7d056b8"
        },
        {
          "type": "icon",
          "assetId": "sDAP-hrz_9",
          "checksum": "c5bac15e5ccbc091e7611fcf093713d2"
        },
        {
          "type": "icon",
          "assetId": "4HpU0AtXtl",
          "checksum": "79fdfc17174626e9b16b6abfd1fc7137"
        },
        {
          "type": "icon",
          "assetId": "-GAFpvgMLj",
          "checksum": "caaabb53be5504cd2035767d54a0bff5"
        },
        {
          "type": "icon",
          "assetId": "Mi2z1q-iz",
          "checksum": "bfcf21e1968316b8ea4ff647fd7cadfd"
        },
        {
          "type": "icon",
          "assetId": "2cFoQgyVc",
          "checksum": "b0279227d3571903aa3538f41c504d42"
        },
        {
          "type": "icon",
          "assetId": "1PA3iLOb7",
          "checksum": "eee5ec9e3028573e82706daa77aad905"
        },
        {
          "type": "icon",
          "assetId": "HtehgjjQB",
          "checksum": "0155809d01542f4a2a5cd3928e67b671"
        },
        {
          "type": "icon",
          "assetId": "PLw0vz2J2",
          "checksum": "3eeb4408aa527dbeced3d20d4ca6c3eb"
        },
        {
          "type": "icon",
          "assetId": "Lj-87PAnPd",
          "checksum": "3cb0ad7bf4c68cd3620345bcb599c0e0"
        },
        {
          "type": "icon",
          "assetId": "WvFbzZAHy5",
          "checksum": "64c1ea0d3921b578f6f7c0f25451a106"
        },
        {
          "type": "icon",
          "assetId": "mz_wic_46_",
          "checksum": "54815504ff6d3ed2134f0fcfe2b39b5e"
        },
        {
          "type": "icon",
          "assetId": "VXCqWqvBoa",
          "checksum": "4cd9c09f652addb3870e66655cedc468"
        },
        {
          "type": "icon",
          "assetId": "yiRqjANFJ4",
          "checksum": "a64b9701347d03fd5b03c7af8b2c9b11"
        },
        {
          "type": "icon",
          "assetId": "0CNyF5sJLD",
          "checksum": "9f5b7df3a62903094309b7bdbb835151"
        },
        {
          "type": "icon",
          "assetId": "nM7ZL2p-IU",
          "checksum": "0b96a1a41a0ba79c08861c4f6ffcc656"
        },
        {
          "type": "icon",
          "assetId": "TtzYwxgGq",
          "checksum": "bbc6fe27620acdab04dce181ca939c08"
        },
        {
          "type": "icon",
          "assetId": "t_UEU7-A7",
          "checksum": "2275322675b9e04285c761b0db529aa0"
        },
        {
          "type": "icon",
          "assetId": "aSITYRiVge",
          "checksum": "d011edcba4d7d1b9c7722a3219b45a0a"
        },
        {
          "type": "icon",
          "assetId": "PTMp1MUyZ",
          "checksum": "4f1fc357eb877650c861ae2db73581ff"
        },
        {
          "type": "icon",
          "assetId": "vuj_EqxsH",
          "checksum": "6a09dc93cfeb5aeb495e19c805b24dc5"
        },
        {
          "type": "icon",
          "assetId": "jAPx3koGk",
          "checksum": "38982a7a450f0a2598d65f668532e2e9"
        },
        {
          "type": "renderModule",
          "assetId": "BnsO6Lq9gm",
          "checksum": "70ccf1a34eb213d766066d50cde70d31"
        },
        {
          "type": "cssRules",
          "assetId": "BnsO6Lq9gm",
          "checksum": "70ccf1a34eb213d766066d50cde70d31"
        },
        {
          "type": "renderModule",
          "assetId": "jzkOxDkpw3",
          "checksum": "f0718db5f1ab890deac5e79b2df8db67"
        },
        {
          "type": "cssRules",
          "assetId": "jzkOxDkpw3",
          "checksum": "f0718db5f1ab890deac5e79b2df8db67"
        },
        {
          "type": "renderModule",
          "assetId": "8ez1zMXNia",
          "checksum": "8ff8445551a85935ed3b1d281c7d913d"
        },
        {
          "type": "cssRules",
          "assetId": "8ez1zMXNia",
          "checksum": "8ff8445551a85935ed3b1d281c7d913d"
        },
        {
          "assetId": "upY9cnzMG3kZgeoF6ecCnw",
          "type": "projectCss",
          "checksum": "e21a5ba0354f291b39691fae1111affd"
        }
      ],
      "codegenVersion": "0.0.1"
    },
    {
      "projectId": "8PtdGodUbexNYgkuyBUcWu",
      "version": "3.0.4",
      "dependencies": {},
      "lang": "ts",
      "fileLocks": [
        {
          "assetId": "8PtdGodUbexNYgkuyBUcWu",
          "type": "projectCss",
          "checksum": "da821b8a13553da707c9dc8f51234863"
        },
        {
          "assetId": "8PtdGodUbexNYgkuyBUcWu",
          "checksum": "82081a65ef0a9809edc60ec6b4a9d708",
          "type": "globalContexts"
        }
      ],
      "codegenVersion": "0.0.1"
    }
  ],
  "cliVersion": "0.1.184"
}
