{
  "projects": [
    {
      "projectId": "fxuAGcsah199rVCjPzGTfY",
      "version": "latest",
      "dependencies": {},
      "lang": "ts",
      "fileLocks": [
        {
          "type": "globalVariant",
          "assetId": "Ngzoyd6gPZ8rig",
          "checksum": "766c5421bf324ce796c93d316904f155"
        },
        {
          "type": "renderModule",
          "assetId": "51zyLwAx5-QLk",
          "checksum": "be70b4b893f2921daa93577c0e07b3f6"
        },
        {
          "type": "cssRules",
          "assetId": "51zyLwAx5-QLk",
          "checksum": "be70b4b893f2921daa93577c0e07b3f6"
        },
        {
          "type": "renderModule",
          "assetId": "uEAoMM34trbb9e",
          "checksum": "a71daac2aba6c51d3772127c2e3533c3"
        },
        {
          "type": "cssRules",
          "assetId": "uEAoMM34trbb9e",
          "checksum": "a71daac2aba6c51d3772127c2e3533c3"
        },
        {
          "type": "renderModule",
          "assetId": "UL0COo2QPDWZ4b",
          "checksum": "d92ac71c1a7de08d0a531138ac32d09e"
        },
        {
          "type": "cssRules",
          "assetId": "UL0COo2QPDWZ4b",
          "checksum": "d92ac71c1a7de08d0a531138ac32d09e"
        },
        {
          "type": "renderModule",
          "assetId": "bpZukpM1tJlDbv",
          "checksum": "42f7b457dd9727ea2a0705a739c6017f"
        },
        {
          "type": "cssRules",
          "assetId": "bpZukpM1tJlDbv",
          "checksum": "42f7b457dd9727ea2a0705a739c6017f"
        },
        {
          "type": "icon",
          "assetId": "bSsTEcq38cO9yG",
          "checksum": "4b1fa3740b06d4dc6e7f1a5864db1995"
        },
        {
          "type": "icon",
          "assetId": "pJAOoi7Ss34Eud",
          "checksum": "c9e89ab197caccc467c3ec1c334b1432"
        },
        {
          "type": "icon",
          "assetId": "39PedUR6e2f0hq",
          "checksum": "d31b36b34731ab8f454a44301ce67f57"
        },
        {
          "type": "icon",
          "assetId": "zCFyzFT-Q4qaXx",
          "checksum": "860b56f3be4b24294ad4c9d61d9350c1"
        },
        {
          "type": "icon",
          "assetId": "va5uLpiNpxMkIO",
          "checksum": "f4e3d48d83bb0205ed0da86bce0b275b"
        },
        {
          "type": "icon",
          "assetId": "S6VdfnZdNLh28C",
          "checksum": "d26626ffbaed278025195bddae7f3df2"
        },
        {
          "type": "icon",
          "assetId": "qXaDxnMBcj_lQm",
          "checksum": "2557cb1ec153e3685cc32297b7e75688"
        },
        {
          "type": "icon",
          "assetId": "tBJQimxoEdiiKr",
          "checksum": "1eb470070e1bb359a1fcbd6010bd537a"
        },
        {
          "type": "icon",
          "assetId": "UkYXUwbI2PZgwF",
          "checksum": "205206077ad62b3cb3ef2e73d49176e7"
        },
        {
          "type": "icon",
          "assetId": "6BjtADkGDUqCAj",
          "checksum": "38679207f98f77fb2349b40d0c59c612"
        },
        {
          "type": "icon",
          "assetId": "bWGrtlWRmygRXr",
          "checksum": "798a8cdf003c86cbab6d601b64a472a2"
        },
        {
          "type": "icon",
          "assetId": "9Lc7okgVgSeoiZ",
          "checksum": "a249872927868acaa5f3d018eaa3532b"
        },
        {
          "type": "icon",
          "assetId": "ggop1JcMRK_Mp_",
          "checksum": "09213fea6b85a0a2b882618c4a63dfa2"
        },
        {
          "type": "icon",
          "assetId": "WEiGdOf1_V-EiM",
          "checksum": "69dcb21eea83df38a57703d24a0ebf44"
        },
        {
          "type": "icon",
          "assetId": "xKk78Y6uuuZBva",
          "checksum": "796c3de7ac9ffddb4ae2df21fb9c2643"
        },
        {
          "type": "icon",
          "assetId": "dMiaCe2jb2LVBl",
          "checksum": "a264b32d205c95c30c86c6c25474a9cd"
        },
        {
          "type": "icon",
          "assetId": "Ky9Az0d-uNQcUd",
          "checksum": "acf4682e800140e9091a623a0468f327"
        },
        {
          "type": "renderModule",
          "assetId": "qE3YWQny7R",
          "checksum": "53d9fa2a24c63348c14654746b4b6f22"
        },
        {
          "type": "cssRules",
          "assetId": "qE3YWQny7R",
          "checksum": "53d9fa2a24c63348c14654746b4b6f22"
        },
        {
          "type": "icon",
          "assetId": "yeRku5or0y",
          "checksum": "758505ee6686f626c1ff689bbb337aea"
        },
        {
          "type": "icon",
          "assetId": "971L_KWO8V",
          "checksum": "d25d06c08854575e291f18245c0d1f9f"
        },
        {
          "type": "icon",
          "assetId": "NPIgsnpxTH",
          "checksum": "84aa2764a66db7bb0266d984cb44b7b0"
        },
        {
          "type": "icon",
          "assetId": "_8Y3qsFIqEN",
          "checksum": "c676df4b42f587eb43a0f16c90aeee01"
        },
        {
          "type": "icon",
          "assetId": "f-eah_qzJxk",
          "checksum": "b098d097f29bfb0ebd0e9a84ffb75ce8"
        },
        {
          "type": "icon",
          "assetId": "d9QzrXKtS5",
          "checksum": "75cd31dc2f74ce6be1105346bca1322f"
        },
        {
          "type": "icon",
          "assetId": "wwW2JE778j",
          "checksum": "631a2d86a6c98b7e86b5f27561e50677"
        },
        {
          "type": "icon",
          "assetId": "1RoGtQcigwS",
          "checksum": "707a90faad4afea1c23588cce572294a"
        },
        {
          "type": "icon",
          "assetId": "TQBskm-NVAt",
          "checksum": "846a1b5c7d04560ec80a6c4107e8c3fd"
        },
        {
          "type": "icon",
          "assetId": "CuFslScVrbs",
          "checksum": "89e7221aa32248f5c949401e9245a26d"
        },
        {
          "type": "renderModule",
          "assetId": "LdKrHm0kiU",
          "checksum": "72def9d96077c581f46804917f042421"
        },
        {
          "type": "cssRules",
          "assetId": "LdKrHm0kiU",
          "checksum": "72def9d96077c581f46804917f042421"
        },
        {
          "type": "renderModule",
          "assetId": "yvD1Dw0CC2",
          "checksum": "6e8f2bc62a310c87a98c414c66973d56"
        },
        {
          "type": "cssRules",
          "assetId": "yvD1Dw0CC2",
          "checksum": "6e8f2bc62a310c87a98c414c66973d56"
        },
        {
          "type": "renderModule",
          "assetId": "Rs2u_HMLJ3",
          "checksum": "c6128636f2d8b55081303054387d5c6a"
        },
        {
          "type": "cssRules",
          "assetId": "Rs2u_HMLJ3",
          "checksum": "c6128636f2d8b55081303054387d5c6a"
        },
        {
          "type": "renderModule",
          "assetId": "vWa7iGL3PEH",
          "checksum": "43d05a4041012ac083c11ff98feea7e2"
        },
        {
          "type": "cssRules",
          "assetId": "vWa7iGL3PEH",
          "checksum": "43d05a4041012ac083c11ff98feea7e2"
        },
        {
          "type": "renderModule",
          "assetId": "Mi6FGWrkThV",
          "checksum": "eeb51f81ae9c5b7e511ed23f6782e8cc"
        },
        {
          "type": "cssRules",
          "assetId": "Mi6FGWrkThV",
          "checksum": "eeb51f81ae9c5b7e511ed23f6782e8cc"
        },
        {
          "type": "renderModule",
          "assetId": "4AdkGHizRucc",
          "checksum": "3e61ceded99d252164f9025a16052549"
        },
        {
          "type": "cssRules",
          "assetId": "4AdkGHizRucc",
          "checksum": "3e61ceded99d252164f9025a16052549"
        },
        {
          "type": "icon",
          "assetId": "wxsItIX0yP",
          "checksum": "f566e2b3b172f7823a0803287dc568c4"
        },
        {
          "type": "icon",
          "assetId": "Y8xgJZqD0f",
          "checksum": "0091364a2082889e6c426374524c765c"
        },
        {
          "type": "icon",
          "assetId": "kdIICsQR9Xo",
          "checksum": "b2c87a349b129766cb859d1b91f3fbe6"
        },
        {
          "type": "renderModule",
          "assetId": "Cjo10ZaH1Q",
          "checksum": "0ec3e7588c51626748e298a2b5951fb8"
        },
        {
          "type": "cssRules",
          "assetId": "Cjo10ZaH1Q",
          "checksum": "0ec3e7588c51626748e298a2b5951fb8"
        },
        {
          "type": "icon",
          "assetId": "gRccrQDhLn",
          "checksum": "27fc434ed93020e9364535a30544d6f0"
        },
        {
          "type": "icon",
          "assetId": "1LQtfIq6-_",
          "checksum": "85515f86bbf1f9cc0e9a0d2fa33cfa31"
        },
        {
          "type": "renderModule",
          "assetId": "qwicWrMKkQ",
          "checksum": "53d35e56276809d37285124da081c9f4"
        },
        {
          "type": "cssRules",
          "assetId": "qwicWrMKkQ",
          "checksum": "53d35e56276809d37285124da081c9f4"
        },
        {
          "type": "renderModule",
          "assetId": "8tYRq1w4covO",
          "checksum": "6ad9b50cb97cc10505bc3211f28cdcf0"
        },
        {
          "type": "cssRules",
          "assetId": "8tYRq1w4covO",
          "checksum": "6ad9b50cb97cc10505bc3211f28cdcf0"
        },
        {
          "type": "renderModule",
          "assetId": "Ye9aVWVYDq",
          "checksum": "a4a1d372219a523f24e7a271a7e86215"
        },
        {
          "type": "cssRules",
          "assetId": "Ye9aVWVYDq",
          "checksum": "a4a1d372219a523f24e7a271a7e86215"
        },
        {
          "type": "renderModule",
          "assetId": "hZSDCCaX6TJ",
          "checksum": "2a111d7a033f7d5fc08063745e1562d5"
        },
        {
          "type": "cssRules",
          "assetId": "hZSDCCaX6TJ",
          "checksum": "2a111d7a033f7d5fc08063745e1562d5"
        },
        {
          "type": "renderModule",
          "assetId": "wKWKuNBIBF",
          "checksum": "f2e1fdf02b0904e4f920d1af381bb96c"
        },
        {
          "type": "cssRules",
          "assetId": "wKWKuNBIBF",
          "checksum": "f2e1fdf02b0904e4f920d1af381bb96c"
        },
        {
          "type": "renderModule",
          "assetId": "nroB0osN4U",
          "checksum": "b64bcf8863e65b17cd7e6cb7e65e86bf"
        },
        {
          "type": "cssRules",
          "assetId": "nroB0osN4U",
          "checksum": "b64bcf8863e65b17cd7e6cb7e65e86bf"
        },
        {
          "type": "renderModule",
          "assetId": "wW_0-pIrct",
          "checksum": "6963e08270cd70d9a4145f29a3a6bc15"
        },
        {
          "type": "cssRules",
          "assetId": "wW_0-pIrct",
          "checksum": "6963e08270cd70d9a4145f29a3a6bc15"
        },
        {
          "type": "renderModule",
          "assetId": "vthZQMbuqd",
          "checksum": "6167af1656285822e7f644fbfd23e12b"
        },
        {
          "type": "cssRules",
          "assetId": "vthZQMbuqd",
          "checksum": "6167af1656285822e7f644fbfd23e12b"
        },
        {
          "type": "icon",
          "assetId": "byqmkcrjAI",
          "checksum": "6c3295b18ee476833fb494fcab2ba78e"
        },
        {
          "type": "icon",
          "assetId": "aoeyX7jS9Z",
          "checksum": "caae841ea3122c4a8ee39c9b37a1df4c"
        },
        {
          "type": "icon",
          "assetId": "Eus1ht2Cop",
          "checksum": "16aef828270e9499d47d2dd0cd01160f"
        },
        {
          "type": "icon",
          "assetId": "Qunc7PiYp0",
          "checksum": "61b41237378c98f464f44c967dde20ba"
        },
        {
          "type": "renderModule",
          "assetId": "hxbR3KsEHZ",
          "checksum": "560d4acc0baf3af637dd47b2d67e6585"
        },
        {
          "type": "cssRules",
          "assetId": "hxbR3KsEHZ",
          "checksum": "560d4acc0baf3af637dd47b2d67e6585"
        },
        {
          "type": "renderModule",
          "assetId": "0LsAapnO7x",
          "checksum": "e4872c520ffd50bffac06c861a7500c7"
        },
        {
          "type": "cssRules",
          "assetId": "0LsAapnO7x",
          "checksum": "e4872c520ffd50bffac06c861a7500c7"
        },
        {
          "type": "icon",
          "assetId": "YikXogKYiT",
          "checksum": "1b412f596f8d8e0cff2ebe3843b641b7"
        },
        {
          "type": "icon",
          "assetId": "u5maoJ2dJs",
          "checksum": "447c235c8bbf134ca141a1b372c93101"
        },
        {
          "type": "icon",
          "assetId": "GAz4Dq79b-",
          "checksum": "f410f8c54854d45a45bec8e4ccaad1e3"
        },
        {
          "type": "renderModule",
          "assetId": "1gULMJc0uv",
          "checksum": "67596744356db1d1b1c64e67a87ea17e"
        },
        {
          "type": "cssRules",
          "assetId": "1gULMJc0uv",
          "checksum": "67596744356db1d1b1c64e67a87ea17e"
        },
        {
          "type": "icon",
          "assetId": "bZvSWSgpr",
          "checksum": "1e703908fafecb56e4c288d1d8f5768f"
        },
        {
          "type": "renderModule",
          "assetId": "-5J3QtzZy4",
          "checksum": "c5810423a99dbe4c575db886aed684c6"
        },
        {
          "type": "cssRules",
          "assetId": "-5J3QtzZy4",
          "checksum": "c5810423a99dbe4c575db886aed684c6"
        },
        {
          "type": "icon",
          "assetId": "1KzpK7Po01",
          "checksum": "1d36e060217cf186e55c35963307556e"
        },
        {
          "type": "renderModule",
          "assetId": "Au1qpp6vUYln",
          "checksum": "54555192393dd9a7735e361529d12cdb"
        },
        {
          "type": "cssRules",
          "assetId": "Au1qpp6vUYln",
          "checksum": "54555192393dd9a7735e361529d12cdb"
        },
        {
          "type": "renderModule",
          "assetId": "fJPSJOFKZX",
          "checksum": "16b8f2af88d6e1ca3329727b1ce6c612"
        },
        {
          "type": "cssRules",
          "assetId": "fJPSJOFKZX",
          "checksum": "16b8f2af88d6e1ca3329727b1ce6c612"
        },
        {
          "type": "icon",
          "assetId": "tcn2DZ0dps",
          "checksum": "a2e29d80d379944d6ac1226e932f95dd"
        },
        {
          "type": "icon",
          "assetId": "nevcOZaDtn",
          "checksum": "70fa18d0a82560eb3ac896b6393d2649"
        },
        {
          "type": "icon",
          "assetId": "oj0747Pscj",
          "checksum": "3d7a77d1d226a3652e48dcb0118b905a"
        },
        {
          "type": "icon",
          "assetId": "6SGxxDo1I1",
          "checksum": "797d9f8832eac787e3e95e70547d34a0"
        },
        {
          "type": "icon",
          "assetId": "zVoJGVzezP",
          "checksum": "0380c2e80fde649a3cbfb1154b5a1b7a"
        },
        {
          "type": "icon",
          "assetId": "P1Jh_a_zt3",
          "checksum": "f22af02555da8cba4a6303c1e7cc2b97"
        },
        {
          "type": "icon",
          "assetId": "IZkUgTNXAd",
          "checksum": "1f2f1534a3156f4174ca4d7fa1325905"
        },
        {
          "type": "icon",
          "assetId": "WpUc8c4-Mp",
          "checksum": "32b1f8be962ea609db48ffd5b23f3f51"
        },
        {
          "type": "icon",
          "assetId": "B1ZKvNdoWk",
          "checksum": "3f992a79e2be6fa91546d99d591cbcec"
        },
        {
          "type": "icon",
          "assetId": "MB3JWB6w_F",
          "checksum": "c5741bd188be9aa1fdba3bfec82ae418"
        },
        {
          "type": "icon",
          "assetId": "xjLlCvsJBdO",
          "checksum": "c97d35132dec746f57a1b861f8e4aabd"
        },
        {
          "assetId": "fxuAGcsah199rVCjPzGTfY",
          "type": "projectCss",
          "checksum": "8fad48cad61e75f0d195cae45bc411f8"
        },
        {
          "type": "renderModule",
          "assetId": "xxIo1oxPKF17E6",
          "checksum": "b229212acab3d2a0df99ce1d7929233b"
        },
        {
          "type": "cssRules",
          "assetId": "xxIo1oxPKF17E6",
          "checksum": "b229212acab3d2a0df99ce1d7929233b"
        }
      ],
      "codegenVersion": "0.0.1"
    }
  ],
  "cliVersion": "0.1.173"
}
